
Microsoft Visual Studio Solution File, Format Version 12.00
# Visual Studio 14
VisualStudioVersion = 14.0.25420.1
MinimumVisualStudioVersion = 10.0.40219.1
Project("{FAE04EC0-301F-11D3-BF4B-00C04F79EFBC}") = "FaizalIslalmicBank", "FaizalIslalmicBank\FaizalIslalmicBank.csproj", "{D97D2791-26EB-42D1-92D1-430D99061008}"
EndProject
Project("{FAE04EC0-301F-11D3-BF4B-00C04F79EFBC}") = "FIBDataLayer", "FIBDataLayer\FIBDataLayer.csproj", "{6774469D-38E5-4F91-B5FC-2A3C23BB879B}"
EndProject
Project("{FAE04EC0-301F-11D3-BF4B-00C04F79EFBC}") = "DrawerLayout", "DrawerLayout\DrawerLayout.csproj", "{03B54B5F-FFC3-40A3-94DF-6AB81C446E32}"
EndProject
Project("{FAE04EC0-301F-11D3-BF4B-00C04F79EFBC}") = "FIBBussinessLayer", "FIBBussinessLayer\FIBBussinessLayer.csproj", "{E7F6F6FD-7205-4EBD-B5CC-B12D00E9078A}"
EndProject
Project("{FAE04EC0-301F-11D3-BF4B-00C04F79EFBC}") = "Huyn.QRCode", "Huyn.QRCode\Huyn.QRCode.csproj", "{92486141-DD81-40E8-A053-CA3EBC052802}"
EndProject
Global
	GlobalSection(SolutionConfigurationPlatforms) = preSolution
		Debug|Any CPU = Debug|Any CPU
		Debug|ARM = Debug|ARM
		Debug|x86 = Debug|x86
		Release|Any CPU = Release|Any CPU
		Release|ARM = Release|ARM
		Release|x86 = Release|x86
	EndGlobalSection
	GlobalSection(ProjectConfigurationPlatforms) = postSolution
		{D97D2791-26EB-42D1-92D1-430D99061008}.Debug|Any CPU.ActiveCfg = Debug|Any CPU
		{D97D2791-26EB-42D1-92D1-430D99061008}.Debug|Any CPU.Build.0 = Debug|Any CPU
		{D97D2791-26EB-42D1-92D1-430D99061008}.Debug|Any CPU.Deploy.0 = Debug|Any CPU
		{D97D2791-26EB-42D1-92D1-430D99061008}.Debug|ARM.ActiveCfg = Debug|ARM
		{D97D2791-26EB-42D1-92D1-430D99061008}.Debug|ARM.Build.0 = Debug|ARM
		{D97D2791-26EB-42D1-92D1-430D99061008}.Debug|ARM.Deploy.0 = Debug|ARM
		{D97D2791-26EB-42D1-92D1-430D99061008}.Debug|x86.ActiveCfg = Debug|x86
		{D97D2791-26EB-42D1-92D1-430D99061008}.Debug|x86.Build.0 = Debug|x86
		{D97D2791-26EB-42D1-92D1-430D99061008}.Debug|x86.Deploy.0 = Debug|x86
		{D97D2791-26EB-42D1-92D1-430D99061008}.Release|Any CPU.ActiveCfg = Release|Any CPU
		{D97D2791-26EB-42D1-92D1-430D99061008}.Release|Any CPU.Build.0 = Release|Any CPU
		{D97D2791-26EB-42D1-92D1-430D99061008}.Release|Any CPU.Deploy.0 = Release|Any CPU
		{D97D2791-26EB-42D1-92D1-430D99061008}.Release|ARM.ActiveCfg = Release|ARM
		{D97D2791-26EB-42D1-92D1-430D99061008}.Release|ARM.Build.0 = Release|ARM
		{D97D2791-26EB-42D1-92D1-430D99061008}.Release|ARM.Deploy.0 = Release|ARM
		{D97D2791-26EB-42D1-92D1-430D99061008}.Release|x86.ActiveCfg = Release|x86
		{D97D2791-26EB-42D1-92D1-430D99061008}.Release|x86.Build.0 = Release|x86
		{D97D2791-26EB-42D1-92D1-430D99061008}.Release|x86.Deploy.0 = Release|x86
		{6774469D-38E5-4F91-B5FC-2A3C23BB879B}.Debug|Any CPU.ActiveCfg = Debug|Any CPU
		{6774469D-38E5-4F91-B5FC-2A3C23BB879B}.Debug|Any CPU.Build.0 = Debug|Any CPU
		{6774469D-38E5-4F91-B5FC-2A3C23BB879B}.Debug|ARM.ActiveCfg = Debug|ARM
		{6774469D-38E5-4F91-B5FC-2A3C23BB879B}.Debug|ARM.Build.0 = Debug|ARM
		{6774469D-38E5-4F91-B5FC-2A3C23BB879B}.Debug|x86.ActiveCfg = Debug|x86
		{6774469D-38E5-4F91-B5FC-2A3C23BB879B}.Debug|x86.Build.0 = Debug|x86
		{6774469D-38E5-4F91-B5FC-2A3C23BB879B}.Release|Any CPU.ActiveCfg = Release|Any CPU
		{6774469D-38E5-4F91-B5FC-2A3C23BB879B}.Release|Any CPU.Build.0 = Release|Any CPU
		{6774469D-38E5-4F91-B5FC-2A3C23BB879B}.Release|ARM.ActiveCfg = Release|ARM
		{6774469D-38E5-4F91-B5FC-2A3C23BB879B}.Release|ARM.Build.0 = Release|ARM
		{6774469D-38E5-4F91-B5FC-2A3C23BB879B}.Release|x86.ActiveCfg = Release|x86
		{6774469D-38E5-4F91-B5FC-2A3C23BB879B}.Release|x86.Build.0 = Release|x86
		{03B54B5F-FFC3-40A3-94DF-6AB81C446E32}.Debug|Any CPU.ActiveCfg = Debug|Any CPU
		{03B54B5F-FFC3-40A3-94DF-6AB81C446E32}.Debug|Any CPU.Build.0 = Debug|Any CPU
		{03B54B5F-FFC3-40A3-94DF-6AB81C446E32}.Debug|ARM.ActiveCfg = Debug|ARM
		{03B54B5F-FFC3-40A3-94DF-6AB81C446E32}.Debug|ARM.Build.0 = Debug|ARM
		{03B54B5F-FFC3-40A3-94DF-6AB81C446E32}.Debug|x86.ActiveCfg = Debug|x86
		{03B54B5F-FFC3-40A3-94DF-6AB81C446E32}.Debug|x86.Build.0 = Debug|x86
		{03B54B5F-FFC3-40A3-94DF-6AB81C446E32}.Release|Any CPU.ActiveCfg = Release|Any CPU
		{03B54B5F-FFC3-40A3-94DF-6AB81C446E32}.Release|Any CPU.Build.0 = Release|Any CPU
		{03B54B5F-FFC3-40A3-94DF-6AB81C446E32}.Release|ARM.ActiveCfg = Release|ARM
		{03B54B5F-FFC3-40A3-94DF-6AB81C446E32}.Release|ARM.Build.0 = Release|ARM
		{03B54B5F-FFC3-40A3-94DF-6AB81C446E32}.Release|x86.ActiveCfg = Release|x86
		{03B54B5F-FFC3-40A3-94DF-6AB81C446E32}.Release|x86.Build.0 = Release|x86
		{E7F6F6FD-7205-4EBD-B5CC-B12D00E9078A}.Debug|Any CPU.ActiveCfg = Debug|Any CPU
		{E7F6F6FD-7205-4EBD-B5CC-B12D00E9078A}.Debug|Any CPU.Build.0 = Debug|Any CPU
		{E7F6F6FD-7205-4EBD-B5CC-B12D00E9078A}.Debug|ARM.ActiveCfg = Debug|ARM
		{E7F6F6FD-7205-4EBD-B5CC-B12D00E9078A}.Debug|ARM.Build.0 = Debug|ARM
		{E7F6F6FD-7205-4EBD-B5CC-B12D00E9078A}.Debug|x86.ActiveCfg = Debug|x86
		{E7F6F6FD-7205-4EBD-B5CC-B12D00E9078A}.Debug|x86.Build.0 = Debug|x86
		{E7F6F6FD-7205-4EBD-B5CC-B12D00E9078A}.Release|Any CPU.ActiveCfg = Release|Any CPU
		{E7F6F6FD-7205-4EBD-B5CC-B12D00E9078A}.Release|Any CPU.Build.0 = Release|Any CPU
		{E7F6F6FD-7205-4EBD-B5CC-B12D00E9078A}.Release|ARM.ActiveCfg = Release|ARM
		{E7F6F6FD-7205-4EBD-B5CC-B12D00E9078A}.Release|ARM.Build.0 = Release|ARM
		{E7F6F6FD-7205-4EBD-B5CC-B12D00E9078A}.Release|x86.ActiveCfg = Release|x86
		{E7F6F6FD-7205-4EBD-B5CC-B12D00E9078A}.Release|x86.Build.0 = Release|x86
		{92486141-DD81-40E8-A053-CA3EBC052802}.Debug|Any CPU.ActiveCfg = Debug|Any CPU
		{92486141-DD81-40E8-A053-CA3EBC052802}.Debug|Any CPU.Build.0 = Debug|Any CPU
		{92486141-DD81-40E8-A053-CA3EBC052802}.Debug|ARM.ActiveCfg = Debug|ARM
		{92486141-DD81-40E8-A053-CA3EBC052802}.Debug|ARM.Build.0 = Debug|ARM
		{92486141-DD81-40E8-A053-CA3EBC052802}.Debug|x86.ActiveCfg = Debug|x86
		{92486141-DD81-40E8-A053-CA3EBC052802}.Debug|x86.Build.0 = Debug|x86
		{92486141-DD81-40E8-A053-CA3EBC052802}.Release|Any CPU.ActiveCfg = Release|Any CPU
		{92486141-DD81-40E8-A053-CA3EBC052802}.Release|Any CPU.Build.0 = Release|Any CPU
		{92486141-DD81-40E8-A053-CA3EBC052802}.Release|ARM.ActiveCfg = Release|ARM
		{92486141-DD81-40E8-A053-CA3EBC052802}.Release|ARM.Build.0 = Release|ARM
		{92486141-DD81-40E8-A053-CA3EBC052802}.Release|x86.ActiveCfg = Release|x86
		{92486141-DD81-40E8-A053-CA3EBC052802}.Release|x86.Build.0 = Release|x86
	EndGlobalSection
	GlobalSection(SolutionProperties) = preSolution
		HideSolutionNode = FALSE
	EndGlobalSection
EndGlobal
